
Microsoft Visual Studio Solution File, Format Version 12.00
# Visual Studio Version 17
VisualStudioVersion = 17.8.34330.188
MinimumVisualStudioVersion = 10.0.40219.1
Project("{8BC9CEB8-8B4A-11D0-8D11-00A0C91BC942}") = "DirectX11", "DirectX11\DirectX11.vcxproj", "{467AE9CE-B322-4F50-8A44-0D11E41E0619}"
EndProject
Global
	GlobalSection(SolutionConfigurationPlatforms) = preSolution
		Debug|x64 = Debug|x64
		Debug|x86 = Debug|x86
		Release|x64 = Release|x64
		Release|x86 = Release|x86
	EndGlobalSection
	GlobalSection(ProjectConfigurationPlatforms) = postSolution
		{467AE9CE-B322-4F50-8A44-0D11E41E0619}.Debug|x64.ActiveCfg = Debug|x64
		{467AE9CE-B322-4F50-8A44-0D11E41E0619}.Debug|x64.Build.0 = Debug|x64
		{467AE9CE-B322-4F50-8A44-0D11E41E0619}.Debug|x86.ActiveCfg = Debug|Win32
		{467AE9CE-B322-4F50-8A44-0D11E41E0619}.Debug|x86.Build.0 = Debug|Win32
		{467AE9CE-B322-4F50-8A44-0D11E41E0619}.Release|x64.ActiveCfg = Release|x64
		{467AE9CE-B322-4F50-8A44-0D11E41E0619}.Release|x64.Build.0 = Release|x64
		{467AE9CE-B322-4F50-8A44-0D11E41E0619}.Release|x86.ActiveCfg = Release|Win32
		{467AE9CE-B322-4F50-8A44-0D11E41E0619}.Release|x86.Build.0 = Release|Win32
	EndGlobalSection
	GlobalSection(SolutionProperties) = preSolution
		HideSolutionNode = FALSE
	EndGlobalSection
	GlobalSection(ExtensibilityGlobals) = postSolution
		SolutionGuid = {87142E01-2D78-40AA-96F3-27D4F894461D}
	EndGlobalSection
EndGlobal
