
Microsoft Visual Studio Solution File, Format Version 12.00
# Visual Studio Version 17
VisualStudioVersion = 17.8.34525.116
MinimumVisualStudioVersion = 10.0.40219.1
Project("{8BC9CEB8-8B4A-11D0-8D11-00A0C91BC942}") = "winAPI_cairo", "winAPI_cairo\winAPI_cairo.vcxproj", "{8ECA9806-9A15-444C-A40E-5FC98178B796}"
EndProject
Global
	GlobalSection(SolutionConfigurationPlatforms) = preSolution
		Debug|x64 = Debug|x64
		Debug|x86 = Debug|x86
		Release|x64 = Release|x64
		Release|x86 = Release|x86
	EndGlobalSection
	GlobalSection(ProjectConfigurationPlatforms) = postSolution
		{8ECA9806-9A15-444C-A40E-5FC98178B796}.Debug|x64.ActiveCfg = Debug|x64
		{8ECA9806-9A15-444C-A40E-5FC98178B796}.Debug|x64.Build.0 = Debug|x64
		{8ECA9806-9A15-444C-A40E-5FC98178B796}.Debug|x86.ActiveCfg = Debug|Win32
		{8ECA9806-9A15-444C-A40E-5FC98178B796}.Debug|x86.Build.0 = Debug|Win32
		{8ECA9806-9A15-444C-A40E-5FC98178B796}.Release|x64.ActiveCfg = Release|x64
		{8ECA9806-9A15-444C-A40E-5FC98178B796}.Release|x64.Build.0 = Release|x64
		{8ECA9806-9A15-444C-A40E-5FC98178B796}.Release|x86.ActiveCfg = Release|Win32
		{8ECA9806-9A15-444C-A40E-5FC98178B796}.Release|x86.Build.0 = Release|Win32
	EndGlobalSection
	GlobalSection(SolutionProperties) = preSolution
		HideSolutionNode = FALSE
	EndGlobalSection
	GlobalSection(ExtensibilityGlobals) = postSolution
		SolutionGuid = {E0C083B3-92B4-44D0-AC78-D25E8EBAF4B0}
	EndGlobalSection
EndGlobal
