
Microsoft Visual Studio Solution File, Format Version 12.00
# Visual Studio Version 17
VisualStudioVersion = 17.7.34202.233
MinimumVisualStudioVersion = 10.0.40219.1
Project("{8BC9CEB8-8B4A-11D0-8D11-00A0C91BC942}") = "SDL2_test", "SDL2_test\SDL2_test.vcxproj", "{EDD3D7C2-F548-4FF6-84A2-40E7479477EB}"
EndProject
Global
	GlobalSection(SolutionConfigurationPlatforms) = preSolution
		Debug|x64 = Debug|x64
		Debug|x86 = Debug|x86
		Release|x64 = Release|x64
		Release|x86 = Release|x86
	EndGlobalSection
	GlobalSection(ProjectConfigurationPlatforms) = postSolution
		{EDD3D7C2-F548-4FF6-84A2-40E7479477EB}.Debug|x64.ActiveCfg = Debug|x64
		{EDD3D7C2-F548-4FF6-84A2-40E7479477EB}.Debug|x64.Build.0 = Debug|x64
		{EDD3D7C2-F548-4FF6-84A2-40E7479477EB}.Debug|x86.ActiveCfg = Debug|Win32
		{EDD3D7C2-F548-4FF6-84A2-40E7479477EB}.Debug|x86.Build.0 = Debug|Win32
		{EDD3D7C2-F548-4FF6-84A2-40E7479477EB}.Release|x64.ActiveCfg = Release|x64
		{EDD3D7C2-F548-4FF6-84A2-40E7479477EB}.Release|x64.Build.0 = Release|x64
		{EDD3D7C2-F548-4FF6-84A2-40E7479477EB}.Release|x86.ActiveCfg = Release|Win32
		{EDD3D7C2-F548-4FF6-84A2-40E7479477EB}.Release|x86.Build.0 = Release|Win32
	EndGlobalSection
	GlobalSection(SolutionProperties) = preSolution
		HideSolutionNode = FALSE
	EndGlobalSection
	GlobalSection(ExtensibilityGlobals) = postSolution
		SolutionGuid = {7D746ACD-9EBD-4623-BEDF-47F1A637C924}
	EndGlobalSection
EndGlobal
